{
  "name": "syncio-db",
  "version": "0.8.1",
  "lockfileVersion": 3,
  "requires": true,
  "packages": {
    "": {
      "name": "syncio-db",
      "version": "0.8.1",
      "license": "MIT",
      "bin": {
        "syncio-control": "bin/syncio-control.js",
        "syncio-server": "bin/syncio-server.js"
      },
      "engines": {
        "node": ">=20"
      }
    }
  }
}
